// !$*UTF8*$!
{
	archiveVersion = 1;
	classes = {
	};
	objectVersion = 46;
	objects = {

/* Begin PBXBuildFile section */
		F7EFA0071E2654B3000F62C4 /* AppDelegate.swift in Sources */ = {isa = PBXBuildFile; fileRef = F7EFA0061E2654B3000F62C4 /* AppDelegate.swift */; };
		F7EFA0091E2654B3000F62C4 /* ViewController.swift in Sources */ = {isa = PBXBuildFile; fileRef = F7EFA0081E2654B3000F62C4 /* ViewController.swift */; };
		F7EFA00C1E2654B3000F62C4 /* Main.storyboard in Resources */ = {isa = PBXBuildFile; fileRef = F7EFA00A1E2654B3000F62C4 /* Main.storyboard */; };
		F7EFA00E1E2654B3000F62C4 /* Assets.xcassets in Resources */ = {isa = PBXBuildFile; fileRef = F7EFA00D1E2654B3000F62C4 /* Assets.xcassets */; };
		F7EFA0111E2654B3000F62C4 /* LaunchScreen.storyboard in Resources */ = {isa = PBXBuildFile; fileRef = F7EFA00F1E2654B3000F62C4 /* LaunchScreen.storyboard */; };
/* End PBXBuildFile section */

/* Begin PBXFileReference section */
		F7EFA0031E2654B3000F62C4 /* TemperatureCalc.app */ = {isa = PBXFileReference; explicitFileType = wrapper.application; includeInIndex = 0; path = TemperatureCalc.app; sourceTree = BUILT_PRODUCTS_DIR; };
		F7EFA0061E2654B3000F62C4 /* AppDelegate.swift */ = {isa = PBXFileReference; lastKnownFileType = sourcecode.swift; path = AppDelegate.swift; sourceTree = "<group>"; };
		F7EFA0081E2654B3000F62C4 /* ViewController.swift */ = {isa = PBXFileReference; lastKnownFileType = sourcecode.swift; path = ViewController.swift; sourceTree = "<group>"; };
		F7EFA00B1E2654B3000F62C4 /* Base */ = {isa = PBXFileReference; lastKnownFileType = file.storyboard; name = Base; path = Base.lproj/Main.storyboard; sourceTree = "<group>"; };
		F7EFA00D1E2654B3000F62C4 /* Assets.xcassets */ = {isa = PBXFileReference; lastKnownFileType = folder.assetcatalog; path = Assets.xcassets; sourceTree = "<group>"; };
		F7EFA0101E2654B3000F62C4 /* Base */ = {isa = PBXFileReference; lastKnownFileType = file.storyboard; name = Base; path = Base.lproj/LaunchScreen.storyboard; sourceTree = "<group>"; };
		F7EFA0121E2654B3000F62C4 /* Info.plist */ = {isa = PBXFileReference; lastKnownFileType = text.plist.xml; path = Info.plist; sourceTree = "<group>"; };
/* End PBXFileReference section */

/* Begin PBXFrameworksBuildPhase section */
		F7EFA0001E2654B3000F62C4 /* Frameworks */ = {
			isa = PBXFrameworksBuildPhase;
			buildActionMask = 2147483647;
			files = (
			);
			runOnlyForDeploymentPostprocessing = 0;
		};
/* End PBXFrameworksBuildPhase section */

/* Begin PBXGroup section */
		F7EF9FFA1E2654B3000F62C4 = {
			isa = PBXGroup;
			children = (
				F7EFA0051E2654B3000F62C4 /* TemperatureCalc */,
				F7EFA0041E2654B3000F62C4 /* Products */,
			);
			sourceTree = "<group>";
		};
		F7EFA0041E2654B3000F62C4 /* Products */ = {
			isa = PBXGroup;
			children = (
				F7EFA0031E2654B3000F62C4 /* TemperatureCalc.app */,
			);
			name = Products;
			sourceTree = "<group>";
		};
		F7EFA0051E2654B3000F62C4 /* TemperatureCalc */ = {
			isa = PBXGroup;
			children = (
				F7EFA0061E2654B3000F62C4 /* AppDelegate.swift */,
				F7EFA0081E2654B3000F62C4 /* ViewController.swift */,
				F7EFA00A1E2654B3000F62C4 /* Main.storyboard */,
				F7EFA00D1E2654B3000F62C4 /* Assets.xcassets */,
				F7EFA00F1E2654B3000F62C4 /* LaunchScreen.storyboard */,
				F7EFA0121E2654B3000F62C4 /* Info.plist */,
			);
			path = TemperatureCalc;
			sourceTree = "<group>";
		};
/* End PBXGroup section */

/* Begin PBXNativeTarget section */
		F7EFA0021E2654B3000F62C4 /* TemperatureCalc */ = {
			isa = PBXNativeTarget;
			buildConfigurationList = F7EFA0151E2654B3000F62C4 /* Build configuration list for PBXNativeTarget "TemperatureCalc" */;
			buildPhases = (
				F7EF9FFF1E2654B3000F62C4 /* Sources */,
				F7EFA0001E2654B3000F62C4 /* Frameworks */,
				F7EFA0011E2654B3000F62C4 /* Resources */,
			);
			buildRules = (
			);
			dependencies = (
			);
			name = TemperatureCalc;
			productName = TemperatureCalc;
			productReference = F7EFA0031E2654B3000F62C4 /* TemperatureCalc.app */;
			productType = "com.apple.product-type.application";
		};
/* End PBXNativeTarget section */

/* Begin PBXProject section */
		F7EF9FFB1E2654B3000F62C4 /* Project object */ = {
			isa = PBXProject;
			attributes = {
				LastSwiftUpdateCheck = 0820;
				LastUpgradeCheck = 0820;
				ORGANIZATIONNAME = VXette;
				TargetAttributes = {
					F7EFA0021E2654B3000F62C4 = {
						CreatedOnToolsVersion = 8.2;
						DevelopmentTeam = 649KJCZ7RD;
						ProvisioningStyle = Automatic;
					};
				};
			};
			buildConfigurationList = F7EF9FFE1E2654B3000F62C4 /* Build configuration list for PBXProject "TemperatureCalc" */;
			compatibilityVersion = "Xcode 3.2";
			developmentRegion = English;
			hasScannedForEncodings = 0;
			knownRegions = (
				en,
				Base,
			);
			mainGroup = F7EF9FFA1E2654B3000F62C4;
			productRefGroup = F7EFA0041E2654B3000F62C4 /* Products */;
			projectDirPath = "";
			projectRoot = "";
			targets = (
				F7EFA0021E2654B3000F62C4 /* TemperatureCalc */,
			);
		};
/* End PBXProject section */

/* Begin PBXResourcesBuildPhase section */
		F7EFA0011E2654B3000F62C4 /* Resources */ = {
			isa = PBXResourcesBuildPhase;
			buildActionMask = 2147483647;
			files = (
				F7EFA0111E2654B3000F62C4 /* LaunchScreen.storyboard in Resources */,
				F7EFA00E1E2654B3000F62C4 /* Assets.xcassets in Resources */,
				F7EFA00C1E2654B3000F62C4 /* Main.storyboard in Resources */,
			);
			runOnlyForDeploymentPostprocessing = 0;
		};
/* End PBXResourcesBuildPhase section */

/* Begin PBXSourcesBuildPhase section */
		F7EF9FFF1E2654B3000F62C4 /* Sources */ = {
			isa = PBXSourcesBuildPhase;
			buildActionMask = 2147483647;
			files = (
				F7EFA0091E2654B3000F62C4 /* ViewController.swift in Sources */,
				F7EFA0071E2654B3000F62C4 /* AppDelegate.swift in Sources */,
			);
			runOnlyForDeploymentPostprocessing = 0;
		};
/* End PBXSourcesBuildPhase section */

/* Begin PBXVariantGroup section */
		F7EFA00A1E2654B3000F62C4 /* Main.storyboard */ = {
			isa = PBXVariantGroup;
			children = (
				F7EFA00B1E2654B3000F62C4 /* Base */,
			);
			name = Main.storyboard;
			sourceTree = "<group>";
		};
		F7EFA00F1E2654B3000F62C4 /* LaunchScreen.storyboard */ = {
			isa = PBXVariantGroup;
			children = (
				F7EFA0101E2654B3000F62C4 /* Base */,
			);
			name = LaunchScreen.storyboard;
			sourceTree = "<group>";
		};
/* End PBXVariantGroup section */

/* Begin XCBuildConfiguration section */
		F7EFA0131E2654B3000F62C4 /* Debug */ = {
			isa = XCBuildConfiguration;
			buildSettings = {
				ALWAYS_SEARCH_USER_PATHS = NO;
				CLANG_ANALYZER_NONNULL = YES;
				CLANG_CXX_LANGUAGE_STANDARD = "gnu++0x";
				CLANG_CXX_LIBRARY = "libc++";
				CLANG_ENABLE_MODULES = YES;
				CLANG_ENABLE_OBJC_ARC = YES;
				CLANG_WARN_BOOL_CONVERSION = YES;
				CLANG_WARN_CONSTANT_CONVERSION = YES;
				CLANG_WARN_DIRECT_OBJC_ISA_USAGE = YES_ERROR;
				CLANG_WARN_DOCUMENTATION_COMMENTS = YES;
				CLANG_WARN_EMPTY_BODY = YES;
				CLANG_WARN_ENUM_CONVERSION = YES;
				CLANG_WARN_INFINITE_RECURSION = YES;
				CLANG_WARN_INT_CONVERSION = YES;
				CLANG_WARN_OBJC_ROOT_CLASS = YES_ERROR;
				CLANG_WARN_SUSPICIOUS_MOVE = YES;
				CLANG_WARN_UNREACHABLE_CODE = YES;
				CLANG_WARN__DUPLICATE_METHOD_MATCH = YES;
				"CODE_SIGN_IDENTITY[sdk=iphoneos*]" = "iPhone Developer";
				COPY_PHASE_STRIP = NO;
				DEBUG_INFORMATION_FORMAT = dwarf;
				ENABLE_STRICT_OBJC_MSGSEND = YES;
				ENABLE_TESTABILITY = YES;
				GCC_C_LANGUAGE_STANDARD = gnu99;
				GCC_DYNAMIC_NO_PIC = NO;
				GCC_NO_COMMON_BLOCKS = YES;
				GCC_OPTIMIZATION_LEVEL = 0;
				GCC_PREPROCESSOR_DEFINITIONS = (
					"DEBUG=1",
					"$(inherited)",
				);
				GCC_WARN_64_TO_32_BIT_CONVERSION = YES;
				GCC_WARN_ABOUT_RETURN_TYPE = YES_ERROR;
				GCC_WARN_UNDECLARED_SELECTOR = YES;
				GCC_WARN_UNINITIALIZED_AUTOS = YES_AGGRESSIVE;
				GCC_WARN_UNUSED_FUNCTION = YES;
				GCC_WARN_UNUSED_VARIABLE = YES;
				IPHONEOS_DEPLOYMENT_TARGET = 10.2;
				MTL_ENABLE_DEBUG_INFO = YES;
				ONLY_ACTIVE_ARCH = YES;
				SDKROOT = iphoneos;
				SWIFT_ACTIVE_COMPILATION_CONDITIONS = DEBUG;
				SWIFT_OPTIMIZATION_LEVEL = "-Onone";
			};
			name = Debug;
		};
		F7EFA0141E2654B3000F62C4 /* Release */ = {
			isa = XCBuildConfiguration;
			buildSettings = {
				ALWAYS_SEARCH_USER_PATHS = NO;
				CLANG_ANALYZER_NONNULL = YES;
				CLANG_CXX_LANGUAGE_STANDARD = "gnu++0x";
				CLANG_CXX_LIBRARY = "libc++";
				CLANG_ENABLE_MODULES = YES;
				CLANG_ENABLE_OBJC_ARC = YES;
				CLANG_WARN_BOOL_CONVERSION = YES;
				CLANG_WARN_CONSTANT_CONVERSION = YES;
				CLANG_WARN_DIRECT_OBJC_ISA_USAGE = YES_ERROR;
				CLANG_WARN_DOCUMENTATION_COMMENTS = YES;
				CLANG_WARN_EMPTY_BODY = YES;
				CLANG_WARN_ENUM_CONVERSION = YES;
				CLANG_WARN_INFINITE_RECURSION = YES;
				CLANG_WARN_INT_CONVERSION = YES;
				CLANG_WARN_OBJC_ROOT_CLASS = YES_ERROR;
				CLANG_WARN_SUSPICIOUS_MOVE = YES;
				CLANG_WARN_UNREACHABLE_CODE = YES;
				CLANG_WARN__DUPLICATE_METHOD_MATCH = YES;
				"CODE_SIGN_IDENTITY[sdk=iphoneos*]" = "iPhone Developer";
				COPY_PHASE_STRIP = NO;
				DEBUG_INFORMATION_FORMAT = "dwarf-with-dsym";
				ENABLE_NS_ASSERTIONS = NO;
				ENABLE_STRICT_OBJC_MSGSEND = YES;
				GCC_C_LANGUAGE_STANDARD = gnu99;
				GCC_NO_COMMON_BLOCKS = YES;
				GCC_WARN_64_TO_32_BIT_CONVERSION = YES;
				GCC_WARN_ABOUT_RETURN_TYPE = YES_ERROR;
				GCC_WARN_UNDECLARED_SELECTOR = YES;
				GCC_WARN_UNINITIALIZED_AUTOS = YES_AGGRESSIVE;
				GCC_WARN_UNUSED_FUNCTION = YES;
				GCC_WARN_UNUSED_VARIABLE = YES;
				IPHONEOS_DEPLOYMENT_TARGET = 10.2;
				MTL_ENABLE_DEBUG_INFO = NO;
				SDKROOT = iphoneos;
				SWIFT_OPTIMIZATION_LEVEL = "-Owholemodule";
				VALIDATE_PRODUCT = YES;
			};
			name = Release;
		};
		F7EFA0161E2654B3000F62C4 /* Debug */ = {
			isa = XCBuildConfiguration;
			buildSettings = {
				ASSETCATALOG_COMPILER_APPICON_NAME = AppIcon;
				DEVELOPMENT_TEAM = 649KJCZ7RD;
				INFOPLIST_FILE = TemperatureCalc/Info.plist;
				LD_RUNPATH_SEARCH_PATHS = "$(inherited) @executable_path/Frameworks";
				PRODUCT_BUNDLE_IDENTIFIER = com.vxette.TemperatureCalc;
				PRODUCT_NAME = "$(TARGET_NAME)";
				SWIFT_VERSION = 3.0;
			};
			name = Debug;
		};
		F7EFA0171E2654B3000F62C4 /* Release */ = {
			isa = XCBuildConfiguration;
			buildSettings = {
				ASSETCATALOG_COMPILER_APPICON_NAME = AppIcon;
				DEVELOPMENT_TEAM = 649KJCZ7RD;
				INFOPLIST_FILE = TemperatureCalc/Info.plist;
				LD_RUNPATH_SEARCH_PATHS = "$(inherited) @executable_path/Frameworks";
				PRODUCT_BUNDLE_IDENTIFIER = com.vxette.TemperatureCalc;
				PRODUCT_NAME = "$(TARGET_NAME)";
				SWIFT_VERSION = 3.0;
			};
			name = Release;
		};
/* End XCBuildConfiguration section */

/* Begin XCConfigurationList section */
		F7EF9FFE1E2654B3000F62C4 /* Build configuration list for PBXProject "TemperatureCalc" */ = {
			isa = XCConfigurationList;
			buildConfigurations = (
				F7EFA0131E2654B3000F62C4 /* Debug */,
				F7EFA0141E2654B3000F62C4 /* Release */,
			);
			defaultConfigurationIsVisible = 0;
			defaultConfigurationName = Release;
		};
		F7EFA0151E2654B3000F62C4 /* Build configuration list for PBXNativeTarget "TemperatureCalc" */ = {
			isa = XCConfigurationList;
			buildConfigurations = (
				F7EFA0161E2654B3000F62C4 /* Debug */,
				F7EFA0171E2654B3000F62C4 /* Release */,
			);
			defaultConfigurationIsVisible = 0;
		};
/* End XCConfigurationList section */
	};
	rootObject = F7EF9FFB1E2654B3000F62C4 /* Project object */;
}
